{
  "requires": true,
  "lockfileVersion": 1,
  "dependencies": {
    "@babel/runtime": {
      "version": "7.12.5",
      "resolved": "https://registry.npmjs.org/@babel/runtime/-/runtime-7.12.5.tgz",
      "integrity": "sha512-plcc+hbExy3McchJCEQG3knOsuh3HH+Prx1P6cLIkET/0dLuQDEnrT+s27Axgc9bqfsmNUNHfscgMUdBpC9xfg==",
      "requires": {
        "regenerator-runtime": "^0.13.4"
      }
    },
    "@highoutput/alert": {
      "version": "0.0.32",
      "resolved": "https://registry.npmjs.org/@highoutput/alert/-/alert-0.0.32.tgz",
      "integrity": "sha512-HENc4ONRrhxiJuwilOOIHYDknBKqBh4RKnOPCq5BueY+FE/Pf2p02boTeEtw1v2DNZJbqqdgUyvDng1dG9cSEg==",
      "requires": {
        "@highoutput/icons-solid": "^0.0.32",
        "clsx": "^1.1.1"
      }
    },
    "@highoutput/avatar": {
      "version": "0.0.32",
      "resolved": "https://registry.npmjs.org/@highoutput/avatar/-/avatar-0.0.32.tgz",
      "integrity": "sha512-EdKadjYCp3M5Fyv4Hiv5O0K+kBTImDl5Mz/n8aDpCotIPF6QAcUviUIlcswp1vfY58X+F0RHqBLtUBBb/bf7uQ==",
      "requires": {
        "clsx": "^1.1.1"
      }
    },
    "@highoutput/badge": {
      "version": "0.0.32",
      "resolved": "https://registry.npmjs.org/@highoutput/badge/-/badge-0.0.32.tgz",
      "integrity": "sha512-F3eWTfT/QnfTIlD0bldgqy+cZzpt1Y15uhQd0TrhEx+zC0MAcs4jkdurSbkm0NAm+NBDwgeUWLn2dbxTn2NQpw==",
      "requires": {
        "@highoutput/icons-solid": "^0.0.32",
        "clsx": "^1.1.1"
      }
    },
    "@highoutput/banner": {
      "version": "0.0.33",
      "resolved": "https://registry.npmjs.org/@highoutput/banner/-/banner-0.0.33.tgz",
      "integrity": "sha512-NxB9+t3Bdiqi0bz4EMj7dgKgfmQ1DF/4K9yamKmZAjW/NTsrmskUejUrfVA9zOwc6DelCFI4U4vZhk68z1sKQA==",
      "requires": {
        "@highoutput/icons-outline": "^0.0.33",
        "clsx": "^1.1.1"
      }
    },
    "@highoutput/button": {
      "version": "0.0.32",
      "resolved": "https://registry.npmjs.org/@highoutput/button/-/button-0.0.32.tgz",
      "integrity": "sha512-vIrf+PdVQ4tquRn0f7xr9kFyVagJE7kdWtf7h9tIU9qRPRm2phhkscBCcsa4xLCKrOsd/6TkF2c+mE/E4THfwg==",
      "requires": {
        "clsx": "^1.1.1"
      }
    },
    "@highoutput/button-group": {
      "version": "0.0.32",
      "resolved": "https://registry.npmjs.org/@highoutput/button-group/-/button-group-0.0.32.tgz",
      "integrity": "sha512-MkkM5T5P/96e4LN3C685P5nV/D2uP939s2mrxPMtYjhMJEV8PeRGG5SWNT2YTKTYv0FMDgN3yHFLahjAN7cpHQ==",
      "requires": {
        "@highoutput/button": "^0.0.32",
        "clsx": "^1.1.1"
      }
    },
    "@highoutput/container": {
      "version": "0.0.32",
      "resolved": "https://registry.npmjs.org/@highoutput/container/-/container-0.0.32.tgz",
      "integrity": "sha512-4A6xUdOOHpQxLoiWB1RkVtdHjHsdpth2Zy2/Lk2yNGhWXLHodXuAoV+AP5KXF9RWL16j1x0tL7657W+5jFmdUw==",
      "requires": {
        "clsx": "^1.1.1"
      }
    },
    "@highoutput/dropdown": {
      "version": "0.0.32",
      "resolved": "https://registry.npmjs.org/@highoutput/dropdown/-/dropdown-0.0.32.tgz",
      "integrity": "sha512-yPcDfumqarETP0t0s2bDjZjWG7aDCf/zCe/mqjw6e1BdOePrEYR1r5R3S9USBHjuuSENrTC5avazDEHtVL+EPg==",
      "requires": {
        "@types/react-transition-group": "^4.4.0",
        "clsx": "^1.1.1",
        "react-transition-group": "^4.4.1"
      }
    },
    "@highoutput/form": {
      "version": "0.0.33",
      "resolved": "https://registry.npmjs.org/@highoutput/form/-/form-0.0.33.tgz",
      "integrity": "sha512-FYuQ3K2N6xoqg6DUFptfV3+1/Fz3w/wYUqgkvzhF2qGbEZGQYsoZ7SYs9VbRyXFtsevpb/oailSK9sugFbL6RA=="
    },
    "@highoutput/icons-outline": {
      "version": "0.0.33",
      "resolved": "https://registry.npmjs.org/@highoutput/icons-outline/-/icons-outline-0.0.33.tgz",
      "integrity": "sha512-21rHMaQ8OpmRhm42S5+4gX3TcbeN+OcK7GeLTafbWfpPCwenw8GwDPODDwbDDPjZOESvw3YrpDOsn85+JQk63w=="
    },
    "@highoutput/icons-solid": {
      "version": "0.0.32",
      "resolved": "https://registry.npmjs.org/@highoutput/icons-solid/-/icons-solid-0.0.32.tgz",
      "integrity": "sha512-COKYyKDEJywTcEHCAk8Eyt+nYeP4OFjsYheKNJwNukLdSkd31FhxbVvPjp68OIDkNmEZALwWP6VsyLLUCQMX5w=="
    },
    "@highoutput/input": {
      "version": "0.0.33",
      "resolved": "https://registry.npmjs.org/@highoutput/input/-/input-0.0.33.tgz",
      "integrity": "sha512-5rYpiJkxT4Xebym6z83GargErd4iqEemblC/roqien3H1k6Yf4iAcqAwMTerEjjwybWYGCF0rl6F/FJDLzz8sg=="
    },
    "@highoutput/menu": {
      "version": "0.0.33",
      "resolved": "https://registry.npmjs.org/@highoutput/menu/-/menu-0.0.33.tgz",
      "integrity": "sha512-/zAsbIp5ZkMguxw8ppmE/vwjTaIBzQrIY75vIwGeZnGHkBPzjJFJA70UKh/X0mMX8oysQovc32WwrWNpHjH/rQ==",
      "requires": {
        "@types/react-transition-group": "^4.4.0",
        "clsx": "^1.1.1",
        "react-transition-group": "^4.4.1"
      }
    },
    "@highoutput/switch": {
      "version": "0.0.33",
      "resolved": "https://registry.npmjs.org/@highoutput/switch/-/switch-0.0.33.tgz",
      "integrity": "sha512-ZHIFNP3hD3RsIP66vjPH5TDsUCUVomzXwcYoJm5oQbI3DIhn73r7Cik8mFtU59aljIQHza1hgZruveeJkGoUvQ=="
    },
    "@highoutput/table": {
      "version": "0.0.33",
      "resolved": "https://registry.npmjs.org/@highoutput/table/-/table-0.0.33.tgz",
      "integrity": "sha512-ZM4iyLq+iz9KeH1cx5yHqfcO/EYygJihiCnVUxLpPLYx9pupwZkQAPalYVi5Gct1u5zk+2Vdi9eEoSL21yOlhg==",
      "requires": {
        "@types/react-table": "^7.0.27",
        "clsx": "^1.1.1",
        "react-table": "^7.6.3"
      }
    },
    "@highoutput/typography": {
      "version": "0.0.33",
      "resolved": "https://registry.npmjs.org/@highoutput/typography/-/typography-0.0.33.tgz",
      "integrity": "sha512-hJg38fGY0FWP/ywCGQE2PYXsiPZlh5oHbJJJwAlT1BPwI3Oel3pErdvprNK+/3fyNrnaezksgCzYSVQkPENvJQ==",
      "requires": {
        "clsx": "^1.1.1"
      }
    },
    "@highoutput/ui-core": {
      "version": "0.0.33",
      "resolved": "https://registry.npmjs.org/@highoutput/ui-core/-/ui-core-0.0.33.tgz",
      "integrity": "sha512-BbhtRI0Oh6qI2POEtwkTdHJC3dw0RblF4cG1NreTaOkuicShxr83St+Wv7qYRC1YVc2G/CG0o3ExvgcsBsG9gg==",
      "requires": {
        "@highoutput/alert": "^0.0.33",
        "@highoutput/avatar": "^0.0.33",
        "@highoutput/badge": "^0.0.33",
        "@highoutput/banner": "^0.0.33",
        "@highoutput/button": "^0.0.33",
        "@highoutput/button-group": "^0.0.33",
        "@highoutput/container": "^0.0.33",
        "@highoutput/dropdown": "^0.0.33",
        "@highoutput/form": "^0.0.33",
        "@highoutput/icons-solid": "^0.0.33",
        "@highoutput/input": "^0.0.33",
        "@highoutput/menu": "^0.0.33",
        "@highoutput/switch": "^0.0.33",
        "@highoutput/table": "^0.0.33",
        "@highoutput/typography": "^0.0.33"
      },
      "dependencies": {
        "@highoutput/alert": {
          "version": "0.0.33",
          "resolved": "https://registry.npmjs.org/@highoutput/alert/-/alert-0.0.33.tgz",
          "integrity": "sha512-rzPCfTMnFykUR3p2E+IPXyOPxtXtCPGlinz6tDg3gCebrOFVVM8mPihhoqdPxtRQSP7FPkvnJxmce8hnUUQ8fA==",
          "requires": {
            "@highoutput/icons-solid": "^0.0.33",
            "clsx": "^1.1.1"
          }
        },
        "@highoutput/avatar": {
          "version": "0.0.33",
          "resolved": "https://registry.npmjs.org/@highoutput/avatar/-/avatar-0.0.33.tgz",
          "integrity": "sha512-P8cI2WKRSZAt1sjcAzp7RgF0JaC0XJ28khvelQQEZ6NYvgMC+xmadi65vHT1Ae8WNHf3WL69vTHmys0wEKoShw==",
          "requires": {
            "clsx": "^1.1.1"
          }
        },
        "@highoutput/badge": {
          "version": "0.0.33",
          "resolved": "https://registry.npmjs.org/@highoutput/badge/-/badge-0.0.33.tgz",
          "integrity": "sha512-k6TMO1jA6R8TCtcYbblRfxTqVKXU6tWnT0o4kwZS5r9BEa5OgWPmOYyYO9iiXDFiDCU/e7dhp6pCvVEQisL10A==",
          "requires": {
            "@highoutput/icons-solid": "^0.0.33",
            "clsx": "^1.1.1"
          }
        },
        "@highoutput/button": {
          "version": "0.0.33",
          "resolved": "https://registry.npmjs.org/@highoutput/button/-/button-0.0.33.tgz",
          "integrity": "sha512-putCBQPwZjLyzY/hB8nUQvNiiS2zBH6zbtmREZUnrS2/hUeXuIDgfZiEwJjjGgzbvXummSlsRLYQzs/ev53WKA==",
          "requires": {
            "clsx": "^1.1.1"
          }
        },
        "@highoutput/button-group": {
          "version": "0.0.33",
          "resolved": "https://registry.npmjs.org/@highoutput/button-group/-/button-group-0.0.33.tgz",
          "integrity": "sha512-M667WXn2xtyatJtxHZmhm0I8iM2CssjH33rCktmDBY7UorPdIGQ6dAChTQ8iBEEQH8sG4fCEz2CKBzGX/LiSPQ==",
          "requires": {
            "@highoutput/button": "^0.0.33",
            "clsx": "^1.1.1"
          }
        },
        "@highoutput/container": {
          "version": "0.0.33",
          "resolved": "https://registry.npmjs.org/@highoutput/container/-/container-0.0.33.tgz",
          "integrity": "sha512-5imyHNXexIX/vxC244EcPFzPcPJMDst798el+BjlSBfUpgYfRjsmX+FQGBzJ7lAaEYMy6WOEjV2CoX23I31CtA==",
          "requires": {
            "clsx": "^1.1.1"
          }
        },
        "@highoutput/dropdown": {
          "version": "0.0.33",
          "resolved": "https://registry.npmjs.org/@highoutput/dropdown/-/dropdown-0.0.33.tgz",
          "integrity": "sha512-pdXJy6+bJuEk9n1zg2IjPoA06Kcm3XKHWvDeLe51BBj0Lim30ctwEfVQxoT3gCcyQrD1k/qOpXm6/KxXrB2Rug==",
          "requires": {
            "@types/react-transition-group": "^4.4.0",
            "clsx": "^1.1.1",
            "react-transition-group": "^4.4.1"
          }
        },
        "@highoutput/icons-solid": {
          "version": "0.0.33",
          "resolved": "https://registry.npmjs.org/@highoutput/icons-solid/-/icons-solid-0.0.33.tgz",
          "integrity": "sha512-ld5Ey8/GeO793pTk+ifGG52yCHJhKHoj3A9oRtGyFuW/qcDDTZQHJqHuvG0Rkffqi1tlS5xIn/SlJy5qmRG/pA=="
        }
      }
    },
    "@types/prop-types": {
      "version": "15.7.3",
      "resolved": "https://registry.npmjs.org/@types/prop-types/-/prop-types-15.7.3.tgz",
      "integrity": "sha512-KfRL3PuHmqQLOG+2tGpRO26Ctg+Cq1E01D2DMriKEATHgWLfeNDmq9e29Q9WIky0dQ3NPkd1mzYH8Lm936Z9qw=="
    },
    "@types/react": {
      "version": "17.0.0",
      "resolved": "https://registry.npmjs.org/@types/react/-/react-17.0.0.tgz",
      "integrity": "sha512-aj/L7RIMsRlWML3YB6KZiXB3fV2t41+5RBGYF8z+tAKU43Px8C3cYUZsDvf1/+Bm4FK21QWBrDutu8ZJ/70qOw==",
      "requires": {
        "@types/prop-types": "*",
        "csstype": "^3.0.2"
      }
    },
    "@types/react-table": {
      "version": "7.0.28",
      "resolved": "https://registry.npmjs.org/@types/react-table/-/react-table-7.0.28.tgz",
      "integrity": "sha512-crPm70S2KYGj3HJ2zCoeT0t8tdIvKDKCClMd1up3Gi/EDiTZraj3JFUsEL3+oXGSyv+n0EGGAf9a+0XsmdGpXA==",
      "requires": {
        "@types/react": "*"
      }
    },
    "@types/react-transition-group": {
      "version": "4.4.0",
      "resolved": "https://registry.npmjs.org/@types/react-transition-group/-/react-transition-group-4.4.0.tgz",
      "integrity": "sha512-/QfLHGpu+2fQOqQaXh8MG9q03bFENooTb/it4jr5kKaZlDQfWvjqWZg48AwzPVMBHlRuTRAY7hRHCEOXz5kV6w==",
      "requires": {
        "@types/react": "*"
      }
    },
    "clsx": {
      "version": "1.1.1",
      "resolved": "https://registry.npmjs.org/clsx/-/clsx-1.1.1.tgz",
      "integrity": "sha512-6/bPho624p3S2pMyvP5kKBPXnI3ufHLObBFCfgx+LkeR5lg2XYy2hqZqUf45ypD8COn2bhgGJSUE+l5dhNBieA=="
    },
    "csstype": {
      "version": "3.0.6",
      "resolved": "https://registry.npmjs.org/csstype/-/csstype-3.0.6.tgz",
      "integrity": "sha512-+ZAmfyWMT7TiIlzdqJgjMb7S4f1beorDbWbsocyK4RaiqA5RTX3K14bnBWmmA9QEM0gRdsjyyrEmcyga8Zsxmw=="
    },
    "dom-helpers": {
      "version": "5.2.0",
      "resolved": "https://registry.npmjs.org/dom-helpers/-/dom-helpers-5.2.0.tgz",
      "integrity": "sha512-Ru5o9+V8CpunKnz5LGgWXkmrH/20cGKwcHwS4m73zIvs54CN9epEmT/HLqFJW3kXpakAFkEdzgy1hzlJe3E4OQ==",
      "requires": {
        "@babel/runtime": "^7.8.7",
        "csstype": "^3.0.2"
      }
    },
    "js-tokens": {
      "version": "4.0.0",
      "resolved": "https://registry.npmjs.org/js-tokens/-/js-tokens-4.0.0.tgz",
      "integrity": "sha512-RdJUflcE3cUzKiMqQgsCu06FPu9UdIJO0beYbPhHN4k6apgJtifcoCtT9bcxOpYBtpD2kCM6Sbzg4CausW/PKQ=="
    },
    "loose-envify": {
      "version": "1.4.0",
      "resolved": "https://registry.npmjs.org/loose-envify/-/loose-envify-1.4.0.tgz",
      "integrity": "sha512-lyuxPGr/Wfhrlem2CL/UcnUc1zcqKAImBDzukY7Y5F/yQiNdko6+fRLevlw1HgMySw7f611UIY408EtxRSoK3Q==",
      "requires": {
        "js-tokens": "^3.0.0 || ^4.0.0"
      }
    },
    "object-assign": {
      "version": "4.1.1",
      "resolved": "https://registry.npmjs.org/object-assign/-/object-assign-4.1.1.tgz",
      "integrity": "sha1-IQmtx5ZYh8/AXLvUQsrIv7s2CGM="
    },
    "prop-types": {
      "version": "15.7.2",
      "resolved": "https://registry.npmjs.org/prop-types/-/prop-types-15.7.2.tgz",
      "integrity": "sha512-8QQikdH7//R2vurIJSutZ1smHYTcLpRWEOlHnzcWHmBYrOGUysKwSsrC89BCiFj3CbrfJ/nXFdJepOVrY1GCHQ==",
      "requires": {
        "loose-envify": "^1.4.0",
        "object-assign": "^4.1.1",
        "react-is": "^16.8.1"
      }
    },
    "react-is": {
      "version": "16.13.1",
      "resolved": "https://registry.npmjs.org/react-is/-/react-is-16.13.1.tgz",
      "integrity": "sha512-24e6ynE2H+OKt4kqsOvNd8kBpV65zoxbA4BVsEOB3ARVWQki/DHzaUoC5KuON/BiccDaCCTZBuOcfZs70kR8bQ=="
    },
    "react-table": {
      "version": "7.6.3",
      "resolved": "https://registry.npmjs.org/react-table/-/react-table-7.6.3.tgz",
      "integrity": "sha512-hfPF13zDLxPMpLKzIKCE8RZud9T/XrRTsaCIf8zXpWZIZ2juCl7qrGpo3AQw9eAetXV5DP7s2GDm+hht7qq5Dw=="
    },
    "react-transition-group": {
      "version": "4.4.1",
      "resolved": "https://registry.npmjs.org/react-transition-group/-/react-transition-group-4.4.1.tgz",
      "integrity": "sha512-Djqr7OQ2aPUiYurhPalTrVy9ddmFCCzwhqQmtN+J3+3DzLO209Fdr70QrN8Z3DsglWql6iY1lDWAfpFiBtuKGw==",
      "requires": {
        "@babel/runtime": "^7.5.5",
        "dom-helpers": "^5.0.1",
        "loose-envify": "^1.4.0",
        "prop-types": "^15.6.2"
      }
    },
    "regenerator-runtime": {
      "version": "0.13.7",
      "resolved": "https://registry.npmjs.org/regenerator-runtime/-/regenerator-runtime-0.13.7.tgz",
      "integrity": "sha512-a54FxoJDIr27pgf7IgeQGxmqUNYrcV338lf/6gH456HZ/PhX+5BcwHXG9ajESmwe6WRO0tAzRUrRmNONWgkrew=="
    }
  }
}
